<?xml version="1.0" encoding="utf-8"?>
<Project ToolsVersion="4.0" xmlns="http://schemas.microsoft.com/developer/msbuild/2003">
  <ItemGroup>
    <Filter Include="Source Files">
      <UniqueIdentifier>{4FC737F1-C7A5-4376-A066-2A32D752A2FF}</UniqueIdentifier>
      <Extensions>cpp;c;cc;cxx;def;odl;idl;hpj;bat;asm;asmx</Extensions>
    </Filter>
    <Filter Include="Header Files">
      <UniqueIdentifier>{93995380-89BD-4b04-88EB-625FBE52EBFB}</UniqueIdentifier>
      <Extensions>h;hh;hpp;hxx;hm;inl;inc;xsd</Extensions>
    </Filter>
    <Filter Include="Resource Files">
      <UniqueIdentifier>{67DA6AB6-F800-4c08-8B7A-83BB121AAD01}</UniqueIdentifier>
      <Extensions>rc;ico;cur;bmp;dlg;rc2;rct;bin;rgs;gif;jpg;jpeg;jpe;resx;tiff;tif;png;wav</Extensions>
    </Filter>
  </ItemGroup>
  <ItemGroup>
    <ClCompile Include="src\main\main.c">
      <Filter>Source Files</Filter>
    </ClCompile>
    <ClCompile Include="src\main\fat32\fat32_close.c">
      <Filter>Source Files</Filter>
    </ClCompile>
    <ClCompile Include="src\main\fat32\fat32_get_cluster_chain.c">
      <Filter>Source Files</Filter>
    </ClCompile>
    <ClCompile Include="src\main\fat32\fat32_get_cluster_size.c">
      <Filter>Source Files</Filter>
    </ClCompile>
    <ClCompile Include="src\main\fat32\fat32_get_fat_entry_by_cluster.c">
      <Filter>Source Files</Filter>
    </ClCompile>
    <ClCompile Include="src\main\fat32\fat32_get_first_data_sector.c">
      <Filter>Source Files</Filter>
    </ClCompile>
    <ClCompile Include="src\main\fat32\fat32_get_sector_by_cluster.c">
      <Filter>Source Files</Filter>
    </ClCompile>
    <ClCompile Include="src\main\fat32\fat32_open_device.c">
      <Filter>Source Files</Filter>
    </ClCompile>
    <ClCompile Include="src\main\fat32\fat32_print_cluster_chain.c">
      <Filter>Source Files</Filter>
    </ClCompile>
    <ClCompile Include="src\main\fat32\fat32_print_control_block.c">
      <Filter>Source Files</Filter>
    </ClCompile>
    <ClCompile Include="src\main\fat32\fat32_print_dir_entry.c">
      <Filter>Source Files</Filter>
    </ClCompile>
    <ClCompile Include="src\main\fat32\fat32_read_cluster_chain.c">
      <Filter>Source Files</Filter>
    </ClCompile>
    <ClCompile Include="src\main\fat32\fat32_read_sector.c">
      <Filter>Source Files</Filter>
    </ClCompile>
    <ClCompile Include="src\main\fat32\fat32_read_sectors.c">
      <Filter>Source Files</Filter>
    </ClCompile>
    <ClCompile Include="src\main\fat32\fat32_search_root_dir.c">
      <Filter>Source Files</Filter>
    </ClCompile>
    <ClCompile Include="src\main\hdd\hdd_get_active_partition.c">
      <Filter>Source Files</Filter>
    </ClCompile>
    <ClCompile Include="src\main\hdd\hdd_open_device.c">
      <Filter>Source Files</Filter>
    </ClCompile>
    <ClCompile Include="src\main\win32\win32_get_hdd_device_name.c">
      <Filter>Source Files</Filter>
    </ClCompile>
    <ClCompile Include="src\main\win32\win32_open_device_id.c">
      <Filter>Source Files</Filter>
    </ClCompile>
    <ClCompile Include="src\main\win32\win32_open_device_name.c">
      <Filter>Source Files</Filter>
    </ClCompile>
    <ClCompile Include="src\main\win32\win32_read_sector.c">
      <Filter>Source Files</Filter>
    </ClCompile>
    <ClCompile Include="src\test\openOutputFile.c">
      <Filter>Source Files</Filter>
    </ClCompile>
    <ClCompile Include="src\test\writeBufferToFile.c">
      <Filter>Source Files</Filter>
    </ClCompile>
  </ItemGroup>
  <ItemGroup>
    <ClInclude Include="include\debug\defs.h">
      <Filter>Header Files</Filter>
    </ClInclude>
    <ClInclude Include="include\fat32\api.h">
      <Filter>Header Files</Filter>
    </ClInclude>
    <ClInclude Include="include\fat32\types.h">
      <Filter>Header Files</Filter>
    </ClInclude>
    <ClInclude Include="include\hdd\api.h">
      <Filter>Header Files</Filter>
    </ClInclude>
    <ClInclude Include="include\hdd\mbr.h">
      <Filter>Header Files</Filter>
    </ClInclude>
    <ClInclude Include="include\test\api.h">
      <Filter>Header Files</Filter>
    </ClInclude>
    <ClInclude Include="include\win32\api.h">
      <Filter>Header Files</Filter>
    </ClInclude>
    <ClInclude Include="include\win32\types.h">
      <Filter>Header Files</Filter>
    </ClInclude>
  </ItemGroup>
</Project>